
Microsoft Visual Studio Solution File, Format Version 12.00
# Visual Studio Version 16
VisualStudioVersion = 16.0.29905.134
MinimumVisualStudioVersion = 10.0.40219.1
Project("{9A19103F-16F7-4668-BE54-9A1E7A4F7556}") = "Prometheus.BlackboxMetricServer", "Prometheus.BlackboxMetricServer\Prometheus.BlackboxMetricServer.csproj", "{1E9E424C-0122-4F48-B1EB-467FF112E6D3}"
EndProject
Project("{FAE04EC0-301F-11D3-BF4B-00C04F79EFBC}") = "Example", "Example\Example.csproj", "{20D9558E-D55B-4B60-B1D2-1C3904AA4793}"
EndProject
Global
	GlobalSection(SolutionConfigurationPlatforms) = preSolution
		Debug|Any CPU = Debug|Any CPU
		Release|Any CPU = Release|Any CPU
	EndGlobalSection
	GlobalSection(ProjectConfigurationPlatforms) = postSolution
		{1E9E424C-0122-4F48-B1EB-467FF112E6D3}.Debug|Any CPU.ActiveCfg = Debug|Any CPU
		{1E9E424C-0122-4F48-B1EB-467FF112E6D3}.Debug|Any CPU.Build.0 = Debug|Any CPU
		{1E9E424C-0122-4F48-B1EB-467FF112E6D3}.Release|Any CPU.ActiveCfg = Release|Any CPU
		{1E9E424C-0122-4F48-B1EB-467FF112E6D3}.Release|Any CPU.Build.0 = Release|Any CPU
		{20D9558E-D55B-4B60-B1D2-1C3904AA4793}.Debug|Any CPU.ActiveCfg = Debug|Any CPU
		{20D9558E-D55B-4B60-B1D2-1C3904AA4793}.Debug|Any CPU.Build.0 = Debug|Any CPU
		{20D9558E-D55B-4B60-B1D2-1C3904AA4793}.Release|Any CPU.ActiveCfg = Release|Any CPU
		{20D9558E-D55B-4B60-B1D2-1C3904AA4793}.Release|Any CPU.Build.0 = Release|Any CPU
	EndGlobalSection
	GlobalSection(SolutionProperties) = preSolution
		HideSolutionNode = FALSE
	EndGlobalSection
	GlobalSection(ExtensibilityGlobals) = postSolution
		SolutionGuid = {4CA9322D-1427-46FA-AB74-4590C4E6CB12}
	EndGlobalSection
EndGlobal
